// !$*UTF8*$!
{
	archiveVersion = 1;
	classes = {
	};
	objectVersion = 50;
	objects = {

/* Begin PBXBuildFile section */
		920C0CE425AFCCDE00BFDF06 /* DisplayBodyTemperature.swift in Sources */ = {isa = PBXBuildFile; fileRef = 920C0CE325AFCCDE00BFDF06 /* DisplayBodyTemperature.swift */; };
		920C0CE925AFCE5100BFDF06 /* BodyTemperaturePicker.swift in Sources */ = {isa = PBXBuildFile; fileRef = 920C0CE825AFCE5100BFDF06 /* BodyTemperaturePicker.swift */; };
		9251FA2F25A68F8E009A0C7C /* RecordTempApp.swift in Sources */ = {isa = PBXBuildFile; fileRef = 9251FA2E25A68F8E009A0C7C /* RecordTempApp.swift */; };
		9251FA3125A68F8E009A0C7C /* ContentView.swift in Sources */ = {isa = PBXBuildFile; fileRef = 9251FA3025A68F8E009A0C7C /* ContentView.swift */; };
		9251FA3325A68F91009A0C7C /* Assets.xcassets in Resources */ = {isa = PBXBuildFile; fileRef = 9251FA3225A68F91009A0C7C /* Assets.xcassets */; };
		9251FA3625A68F91009A0C7C /* Preview Assets.xcassets in Resources */ = {isa = PBXBuildFile; fileRef = 9251FA3525A68F91009A0C7C /* Preview Assets.xcassets */; };
		9251FA4125A68F92009A0C7C /* RecordTempTests.swift in Sources */ = {isa = PBXBuildFile; fileRef = 9251FA4025A68F92009A0C7C /* RecordTempTests.swift */; };
		9251FA4C25A68F92009A0C7C /* RecordTempUITests.swift in Sources */ = {isa = PBXBuildFile; fileRef = 9251FA4B25A68F92009A0C7C /* RecordTempUITests.swift */; };
		9294827125B1408600713E4A /* FailureAnimation.swift in Sources */ = {isa = PBXBuildFile; fileRef = 9294827025B1408600713E4A /* FailureAnimation.swift */; };
		9296AF8E25B50DB600784B7B /* Sample.swift in Sources */ = {isa = PBXBuildFile; fileRef = 9296AF8D25B50DB600784B7B /* Sample.swift */; };
		92AB72D925A84E69000F268A /* ResultView.swift in Sources */ = {isa = PBXBuildFile; fileRef = 92AB72D825A84E69000F268A /* ResultView.swift */; };
		92AB72E325A94577000F268A /* HealthCareIconView.swift in Sources */ = {isa = PBXBuildFile; fileRef = 92AB72E225A94577000F268A /* HealthCareIconView.swift */; };
		92AB72EF25A94765000F268A /* Extensions.swift in Sources */ = {isa = PBXBuildFile; fileRef = 92AB72EE25A94765000F268A /* Extensions.swift */; };
		92B2A52325A9722900F1CE66 /* HealthKit.framework in Frameworks */ = {isa = PBXBuildFile; fileRef = 92B2A52225A9722900F1CE66 /* HealthKit.framework */; };
		92B2A52825A9731200F1CE66 /* HealthHealper.swift in Sources */ = {isa = PBXBuildFile; fileRef = 92B2A52725A9731200F1CE66 /* HealthHealper.swift */; };
		92B31B2E25B10B3E0002B366 /* DisplayBodyTemperatureAndPicker.swift in Sources */ = {isa = PBXBuildFile; fileRef = 92B31B2D25B10B3E0002B366 /* DisplayBodyTemperatureAndPicker.swift */; };
		92B31B3425B10DF20002B366 /* HealthCareRegistrationButton.swift in Sources */ = {isa = PBXBuildFile; fileRef = 92B31B3325B10DF20002B366 /* HealthCareRegistrationButton.swift */; };
		92B31B4225B112700002B366 /* SuccessAnimation.swift in Sources */ = {isa = PBXBuildFile; fileRef = 92B31B4125B112700002B366 /* SuccessAnimation.swift */; };
		92BE0F6D25AD9EF10039F606 /* URLSchemeHelper.swift in Sources */ = {isa = PBXBuildFile; fileRef = 92BE0F6C25AD9EF10039F606 /* URLSchemeHelper.swift */; };
		92BE0F7B25AE6F810039F606 /* VisionFormatter.swift in Sources */ = {isa = PBXBuildFile; fileRef = 92BE0F7A25AE6F810039F606 /* VisionFormatter.swift */; };
		92D8607F25B146B9002763C4 /* HealthCareSuccessAnimation.swift in Sources */ = {isa = PBXBuildFile; fileRef = 92D8607E25B146B9002763C4 /* HealthCareSuccessAnimation.swift */; };
		92D9257525B26A4600CF5635 /* DisplayStatusAnimation.swift in Sources */ = {isa = PBXBuildFile; fileRef = 92D9257425B26A4600CF5635 /* DisplayStatusAnimation.swift */; };
		92D9257A25B27CAF00CF5635 /* ImagePickerView.swift in Sources */ = {isa = PBXBuildFile; fileRef = 92D9257925B27CAF00CF5635 /* ImagePickerView.swift */; };
		92D9257F25B27E9B00CF5635 /* ImageCaptureView.swift in Sources */ = {isa = PBXBuildFile; fileRef = 92D9257E25B27E9B00CF5635 /* ImageCaptureView.swift */; };
		92E45DAD25B3D52800DC4925 /* Struct&Enum.swift in Sources */ = {isa = PBXBuildFile; fileRef = 92E45DAC25B3D52800DC4925 /* Struct&Enum.swift */; };
		92E45DB225B3D68C00DC4925 /* TutorialView.swift in Sources */ = {isa = PBXBuildFile; fileRef = 92E45DB125B3D68C00DC4925 /* TutorialView.swift */; };
		92ED3AA225A70977008381B5 /* VisionHelper.swift in Sources */ = {isa = PBXBuildFile; fileRef = 92ED3AA125A70977008381B5 /* VisionHelper.swift */; };
		92F8247925AEB40E00EA480F /* OverlayRectangleView.swift in Sources */ = {isa = PBXBuildFile; fileRef = 92F8247825AEB40E00EA480F /* OverlayRectangleView.swift */; };
/* End PBXBuildFile section */

/* Begin PBXContainerItemProxy section */
		9251FA3D25A68F92009A0C7C /* PBXContainerItemProxy */ = {
			isa = PBXContainerItemProxy;
			containerPortal = 9251FA2325A68F8E009A0C7C /* Project object */;
			proxyType = 1;
			remoteGlobalIDString = 9251FA2A25A68F8E009A0C7C;
			remoteInfo = RecordTemp;
		};
		9251FA4825A68F92009A0C7C /* PBXContainerItemProxy */ = {
			isa = PBXContainerItemProxy;
			containerPortal = 9251FA2325A68F8E009A0C7C /* Project object */;
			proxyType = 1;
			remoteGlobalIDString = 9251FA2A25A68F8E009A0C7C;
			remoteInfo = RecordTemp;
		};
/* End PBXContainerItemProxy section */

/* Begin PBXFileReference section */
		920C0CE325AFCCDE00BFDF06 /* DisplayBodyTemperature.swift */ = {isa = PBXFileReference; lastKnownFileType = sourcecode.swift; path = DisplayBodyTemperature.swift; sourceTree = "<group>"; };
		920C0CE825AFCE5100BFDF06 /* BodyTemperaturePicker.swift */ = {isa = PBXFileReference; lastKnownFileType = sourcecode.swift; path = BodyTemperaturePicker.swift; sourceTree = "<group>"; };
		9251FA2B25A68F8E009A0C7C /* RecordTemp.app */ = {isa = PBXFileReference; explicitFileType = wrapper.application; includeInIndex = 0; path = RecordTemp.app; sourceTree = BUILT_PRODUCTS_DIR; };
		9251FA2E25A68F8E009A0C7C /* RecordTempApp.swift */ = {isa = PBXFileReference; lastKnownFileType = sourcecode.swift; path = RecordTempApp.swift; sourceTree = "<group>"; };
		9251FA3025A68F8E009A0C7C /* ContentView.swift */ = {isa = PBXFileReference; lastKnownFileType = sourcecode.swift; path = ContentView.swift; sourceTree = "<group>"; };
		9251FA3225A68F91009A0C7C /* Assets.xcassets */ = {isa = PBXFileReference; lastKnownFileType = folder.assetcatalog; path = Assets.xcassets; sourceTree = "<group>"; };
		9251FA3525A68F91009A0C7C /* Preview Assets.xcassets */ = {isa = PBXFileReference; lastKnownFileType = folder.assetcatalog; path = "Preview Assets.xcassets"; sourceTree = "<group>"; };
		9251FA3725A68F91009A0C7C /* Info.plist */ = {isa = PBXFileReference; lastKnownFileType = text.plist.xml; path = Info.plist; sourceTree = "<group>"; };
		9251FA3C25A68F92009A0C7C /* RecordTempTests.xctest */ = {isa = PBXFileReference; explicitFileType = wrapper.cfbundle; includeInIndex = 0; path = RecordTempTests.xctest; sourceTree = BUILT_PRODUCTS_DIR; };
		9251FA4025A68F92009A0C7C /* RecordTempTests.swift */ = {isa = PBXFileReference; lastKnownFileType = sourcecode.swift; path = RecordTempTests.swift; sourceTree = "<group>"; };
		9251FA4225A68F92009A0C7C /* Info.plist */ = {isa = PBXFileReference; lastKnownFileType = text.plist.xml; path = Info.plist; sourceTree = "<group>"; };
		9251FA4725A68F92009A0C7C /* RecordTempUITests.xctest */ = {isa = PBXFileReference; explicitFileType = wrapper.cfbundle; includeInIndex = 0; path = RecordTempUITests.xctest; sourceTree = BUILT_PRODUCTS_DIR; };
		9251FA4B25A68F92009A0C7C /* RecordTempUITests.swift */ = {isa = PBXFileReference; lastKnownFileType = sourcecode.swift; path = RecordTempUITests.swift; sourceTree = "<group>"; };
		9251FA4D25A68F92009A0C7C /* Info.plist */ = {isa = PBXFileReference; lastKnownFileType = text.plist.xml; path = Info.plist; sourceTree = "<group>"; };
		9294827025B1408600713E4A /* FailureAnimation.swift */ = {isa = PBXFileReference; lastKnownFileType = sourcecode.swift; path = FailureAnimation.swift; sourceTree = "<group>"; };
		9296AF8D25B50DB600784B7B /* Sample.swift */ = {isa = PBXFileReference; lastKnownFileType = sourcecode.swift; path = Sample.swift; sourceTree = "<group>"; };
		92AB72D825A84E69000F268A /* ResultView.swift */ = {isa = PBXFileReference; lastKnownFileType = sourcecode.swift; path = ResultView.swift; sourceTree = "<group>"; };
		92AB72E225A94577000F268A /* HealthCareIconView.swift */ = {isa = PBXFileReference; lastKnownFileType = sourcecode.swift; path = HealthCareIconView.swift; sourceTree = "<group>"; };
		92AB72EE25A94765000F268A /* Extensions.swift */ = {isa = PBXFileReference; lastKnownFileType = sourcecode.swift; path = Extensions.swift; sourceTree = "<group>"; };
		92B2A52025A9722900F1CE66 /* RecordTemp.entitlements */ = {isa = PBXFileReference; lastKnownFileType = text.plist.entitlements; path = RecordTemp.entitlements; sourceTree = "<group>"; };
		92B2A52225A9722900F1CE66 /* HealthKit.framework */ = {isa = PBXFileReference; lastKnownFileType = wrapper.framework; name = HealthKit.framework; path = System/Library/Frameworks/HealthKit.framework; sourceTree = SDKROOT; };
		92B2A52725A9731200F1CE66 /* HealthHealper.swift */ = {isa = PBXFileReference; lastKnownFileType = sourcecode.swift; path = HealthHealper.swift; sourceTree = "<group>"; };
		92B31B2D25B10B3E0002B366 /* DisplayBodyTemperatureAndPicker.swift */ = {isa = PBXFileReference; lastKnownFileType = sourcecode.swift; path = DisplayBodyTemperatureAndPicker.swift; sourceTree = "<group>"; };
		92B31B3325B10DF20002B366 /* HealthCareRegistrationButton.swift */ = {isa = PBXFileReference; lastKnownFileType = sourcecode.swift; path = HealthCareRegistrationButton.swift; sourceTree = "<group>"; };
		92B31B4125B112700002B366 /* SuccessAnimation.swift */ = {isa = PBXFileReference; lastKnownFileType = sourcecode.swift; path = SuccessAnimation.swift; sourceTree = "<group>"; };
		92BE0F6C25AD9EF10039F606 /* URLSchemeHelper.swift */ = {isa = PBXFileReference; lastKnownFileType = sourcecode.swift; path = URLSchemeHelper.swift; sourceTree = "<group>"; };
		92BE0F7A25AE6F810039F606 /* VisionFormatter.swift */ = {isa = PBXFileReference; lastKnownFileType = sourcecode.swift; path = VisionFormatter.swift; sourceTree = "<group>"; };
		92D8607E25B146B9002763C4 /* HealthCareSuccessAnimation.swift */ = {isa = PBXFileReference; lastKnownFileType = sourcecode.swift; path = HealthCareSuccessAnimation.swift; sourceTree = "<group>"; };
		92D9257425B26A4600CF5635 /* DisplayStatusAnimation.swift */ = {isa = PBXFileReference; lastKnownFileType = sourcecode.swift; path = DisplayStatusAnimation.swift; sourceTree = "<group>"; };
		92D9257925B27CAF00CF5635 /* ImagePickerView.swift */ = {isa = PBXFileReference; lastKnownFileType = sourcecode.swift; path = ImagePickerView.swift; sourceTree = "<group>"; };
		92D9257E25B27E9B00CF5635 /* ImageCaptureView.swift */ = {isa = PBXFileReference; lastKnownFileType = sourcecode.swift; path = ImageCaptureView.swift; sourceTree = "<group>"; };
		92E45DAC25B3D52800DC4925 /* Struct&Enum.swift */ = {isa = PBXFileReference; lastKnownFileType = sourcecode.swift; path = "Struct&Enum.swift"; sourceTree = "<group>"; };
		92E45DB125B3D68C00DC4925 /* TutorialView.swift */ = {isa = PBXFileReference; lastKnownFileType = sourcecode.swift; path = TutorialView.swift; sourceTree = "<group>"; };
		92ED3AA125A70977008381B5 /* VisionHelper.swift */ = {isa = PBXFileReference; lastKnownFileType = sourcecode.swift; path = VisionHelper.swift; sourceTree = "<group>"; };
		92F8247825AEB40E00EA480F /* OverlayRectangleView.swift */ = {isa = PBXFileReference; lastKnownFileType = sourcecode.swift; path = OverlayRectangleView.swift; sourceTree = "<group>"; };
/* End PBXFileReference section */

/* Begin PBXFrameworksBuildPhase section */
		9251FA2825A68F8E009A0C7C /* Frameworks */ = {
			isa = PBXFrameworksBuildPhase;
			buildActionMask = 2147483647;
			files = (
				92B2A52325A9722900F1CE66 /* HealthKit.framework in Frameworks */,
			);
			runOnlyForDeploymentPostprocessing = 0;
		};
		9251FA3925A68F92009A0C7C /* Frameworks */ = {
			isa = PBXFrameworksBuildPhase;
			buildActionMask = 2147483647;
			files = (
			);
			runOnlyForDeploymentPostprocessing = 0;
		};
		9251FA4425A68F92009A0C7C /* Frameworks */ = {
			isa = PBXFrameworksBuildPhase;
			buildActionMask = 2147483647;
			files = (
			);
			runOnlyForDeploymentPostprocessing = 0;
		};
/* End PBXFrameworksBuildPhase section */

/* Begin PBXGroup section */
		66AE678F7CEB5CFA4682F848 /* Pods */ = {
			isa = PBXGroup;
			children = (
			);
			path = Pods;
			sourceTree = "<group>";
		};
		9251FA2225A68F8E009A0C7C = {
			isa = PBXGroup;
			children = (
				9251FA2D25A68F8E009A0C7C /* RecordTemp */,
				9251FA3F25A68F92009A0C7C /* RecordTempTests */,
				9251FA4A25A68F92009A0C7C /* RecordTempUITests */,
				9251FA2C25A68F8E009A0C7C /* Products */,
				92B2A52125A9722900F1CE66 /* Frameworks */,
				66AE678F7CEB5CFA4682F848 /* Pods */,
			);
			sourceTree = "<group>";
		};
		9251FA2C25A68F8E009A0C7C /* Products */ = {
			isa = PBXGroup;
			children = (
				9251FA2B25A68F8E009A0C7C /* RecordTemp.app */,
				9251FA3C25A68F92009A0C7C /* RecordTempTests.xctest */,
				9251FA4725A68F92009A0C7C /* RecordTempUITests.xctest */,
			);
			name = Products;
			sourceTree = "<group>";
		};
		9251FA2D25A68F8E009A0C7C /* RecordTemp */ = {
			isa = PBXGroup;
			children = (
				92B2A52025A9722900F1CE66 /* RecordTemp.entitlements */,
				92BE0F5D25AD97FB0039F606 /* Utilities */,
				92AB72EA25A94755000F268A /* Extensions */,
				92ED3AA025A70962008381B5 /* Helper */,
				9251FA5C25A69A39009A0C7C /* Views */,
				9251FA3225A68F91009A0C7C /* Assets.xcassets */,
				9251FA3725A68F91009A0C7C /* Info.plist */,
				9251FA3425A68F91009A0C7C /* Preview Content */,
			);
			path = RecordTemp;
			sourceTree = "<group>";
		};
		9251FA3425A68F91009A0C7C /* Preview Content */ = {
			isa = PBXGroup;
			children = (
				9251FA3525A68F91009A0C7C /* Preview Assets.xcassets */,
			);
			path = "Preview Content";
			sourceTree = "<group>";
		};
		9251FA3F25A68F92009A0C7C /* RecordTempTests */ = {
			isa = PBXGroup;
			children = (
				9251FA4025A68F92009A0C7C /* RecordTempTests.swift */,
				9251FA4225A68F92009A0C7C /* Info.plist */,
			);
			path = RecordTempTests;
			sourceTree = "<group>";
		};
		9251FA4A25A68F92009A0C7C /* RecordTempUITests */ = {
			isa = PBXGroup;
			children = (
				9251FA4B25A68F92009A0C7C /* RecordTempUITests.swift */,
				9251FA4D25A68F92009A0C7C /* Info.plist */,
			);
			path = RecordTempUITests;
			sourceTree = "<group>";
		};
		9251FA5C25A69A39009A0C7C /* Views */ = {
			isa = PBXGroup;
			children = (
				9251FA6925A69A6B009A0C7C /* Screens */,
				9251FA6525A69A5C009A0C7C /* SubViews */,
				92B31B3225B10D4F0002B366 /* ComponentView */,
			);
			path = Views;
			sourceTree = "<group>";
		};
		9251FA6525A69A5C009A0C7C /* SubViews */ = {
			isa = PBXGroup;
			children = (
				92D9257925B27CAF00CF5635 /* ImagePickerView.swift */,
				92F8247825AEB40E00EA480F /* OverlayRectangleView.swift */,
				92B31B2D25B10B3E0002B366 /* DisplayBodyTemperatureAndPicker.swift */,
				92B31B3325B10DF20002B366 /* HealthCareRegistrationButton.swift */,
				92D9257425B26A4600CF5635 /* DisplayStatusAnimation.swift */,
			);
			path = SubViews;
			sourceTree = "<group>";
		};
		9251FA6925A69A6B009A0C7C /* Screens */ = {
			isa = PBXGroup;
			children = (
				9251FA2E25A68F8E009A0C7C /* RecordTempApp.swift */,
				9251FA3025A68F8E009A0C7C /* ContentView.swift */,
				92AB72D825A84E69000F268A /* ResultView.swift */,
				92D9257E25B27E9B00CF5635 /* ImageCaptureView.swift */,
				92E45DB125B3D68C00DC4925 /* TutorialView.swift */,
				9296AF8D25B50DB600784B7B /* Sample.swift */,
			);
			path = Screens;
			sourceTree = "<group>";
		};
		92AB72EA25A94755000F268A /* Extensions */ = {
			isa = PBXGroup;
			children = (
				92AB72EE25A94765000F268A /* Extensions.swift */,
				92E45DAC25B3D52800DC4925 /* Struct&Enum.swift */,
			);
			path = Extensions;
			sourceTree = "<group>";
		};
		92B2A52125A9722900F1CE66 /* Frameworks */ = {
			isa = PBXGroup;
			children = (
				92B2A52225A9722900F1CE66 /* HealthKit.framework */,
			);
			name = Frameworks;
			sourceTree = "<group>";
		};
		92B31B3225B10D4F0002B366 /* ComponentView */ = {
			isa = PBXGroup;
			children = (
				92AB72E225A94577000F268A /* HealthCareIconView.swift */,
				920C0CE325AFCCDE00BFDF06 /* DisplayBodyTemperature.swift */,
				920C0CE825AFCE5100BFDF06 /* BodyTemperaturePicker.swift */,
				92B31B4125B112700002B366 /* SuccessAnimation.swift */,
				9294827025B1408600713E4A /* FailureAnimation.swift */,
				92D8607E25B146B9002763C4 /* HealthCareSuccessAnimation.swift */,
			);
			path = ComponentView;
			sourceTree = "<group>";
		};
		92BE0F5D25AD97FB0039F606 /* Utilities */ = {
			isa = PBXGroup;
			children = (
				92BE0F7A25AE6F810039F606 /* VisionFormatter.swift */,
			);
			path = Utilities;
			sourceTree = "<group>";
		};
		92ED3AA025A70962008381B5 /* Helper */ = {
			isa = PBXGroup;
			children = (
				92ED3AA125A70977008381B5 /* VisionHelper.swift */,
				92B2A52725A9731200F1CE66 /* HealthHealper.swift */,
				92BE0F6C25AD9EF10039F606 /* URLSchemeHelper.swift */,
			);
			path = Helper;
			sourceTree = "<group>";
		};
/* End PBXGroup section */

/* Begin PBXNativeTarget section */
		9251FA2A25A68F8E009A0C7C /* RecordTemp */ = {
			isa = PBXNativeTarget;
			buildConfigurationList = 9251FA5025A68F92009A0C7C /* Build configuration list for PBXNativeTarget "RecordTemp" */;
			buildPhases = (
				9251FA2725A68F8E009A0C7C /* Sources */,
				9251FA2825A68F8E009A0C7C /* Frameworks */,
				9251FA2925A68F8E009A0C7C /* Resources */,
			);
			buildRules = (
			);
			dependencies = (
			);
			name = RecordTemp;
			packageProductDependencies = (
			);
			productName = RecordTemp;
			productReference = 9251FA2B25A68F8E009A0C7C /* RecordTemp.app */;
			productType = "com.apple.product-type.application";
		};
		9251FA3B25A68F92009A0C7C /* RecordTempTests */ = {
			isa = PBXNativeTarget;
			buildConfigurationList = 9251FA5325A68F92009A0C7C /* Build configuration list for PBXNativeTarget "RecordTempTests" */;
			buildPhases = (
				9251FA3825A68F92009A0C7C /* Sources */,
				9251FA3925A68F92009A0C7C /* Frameworks */,
				9251FA3A25A68F92009A0C7C /* Resources */,
			);
			buildRules = (
			);
			dependencies = (
				9251FA3E25A68F92009A0C7C /* PBXTargetDependency */,
			);
			name = RecordTempTests;
			productName = RecordTempTests;
			productReference = 9251FA3C25A68F92009A0C7C /* RecordTempTests.xctest */;
			productType = "com.apple.product-type.bundle.unit-test";
		};
		9251FA4625A68F92009A0C7C /* RecordTempUITests */ = {
			isa = PBXNativeTarget;
			buildConfigurationList = 9251FA5625A68F92009A0C7C /* Build configuration list for PBXNativeTarget "RecordTempUITests" */;
			buildPhases = (
				9251FA4325A68F92009A0C7C /* Sources */,
				9251FA4425A68F92009A0C7C /* Frameworks */,
				9251FA4525A68F92009A0C7C /* Resources */,
			);
			buildRules = (
			);
			dependencies = (
				9251FA4925A68F92009A0C7C /* PBXTargetDependency */,
			);
			name = RecordTempUITests;
			productName = RecordTempUITests;
			productReference = 9251FA4725A68F92009A0C7C /* RecordTempUITests.xctest */;
			productType = "com.apple.product-type.bundle.ui-testing";
		};
/* End PBXNativeTarget section */

/* Begin PBXProject section */
		9251FA2325A68F8E009A0C7C /* Project object */ = {
			isa = PBXProject;
			attributes = {
				LastSwiftUpdateCheck = 1230;
				LastUpgradeCheck = 1230;
				TargetAttributes = {
					9251FA2A25A68F8E009A0C7C = {
						CreatedOnToolsVersion = 12.3;
					};
					9251FA3B25A68F92009A0C7C = {
						CreatedOnToolsVersion = 12.3;
						TestTargetID = 9251FA2A25A68F8E009A0C7C;
					};
					9251FA4625A68F92009A0C7C = {
						CreatedOnToolsVersion = 12.3;
						TestTargetID = 9251FA2A25A68F8E009A0C7C;
					};
				};
			};
			buildConfigurationList = 9251FA2625A68F8E009A0C7C /* Build configuration list for PBXProject "RecordTemp" */;
			compatibilityVersion = "Xcode 9.3";
			developmentRegion = en;
			hasScannedForEncodings = 0;
			knownRegions = (
				en,
				Base,
			);
			mainGroup = 9251FA2225A68F8E009A0C7C;
			packageReferences = (
			);
			productRefGroup = 9251FA2C25A68F8E009A0C7C /* Products */;
			projectDirPath = "";
			projectRoot = "";
			targets = (
				9251FA2A25A68F8E009A0C7C /* RecordTemp */,
				9251FA3B25A68F92009A0C7C /* RecordTempTests */,
				9251FA4625A68F92009A0C7C /* RecordTempUITests */,
			);
		};
/* End PBXProject section */

/* Begin PBXResourcesBuildPhase section */
		9251FA2925A68F8E009A0C7C /* Resources */ = {
			isa = PBXResourcesBuildPhase;
			buildActionMask = 2147483647;
			files = (
				9251FA3625A68F91009A0C7C /* Preview Assets.xcassets in Resources */,
				9251FA3325A68F91009A0C7C /* Assets.xcassets in Resources */,
			);
			runOnlyForDeploymentPostprocessing = 0;
		};
		9251FA3A25A68F92009A0C7C /* Resources */ = {
			isa = PBXResourcesBuildPhase;
			buildActionMask = 2147483647;
			files = (
			);
			runOnlyForDeploymentPostprocessing = 0;
		};
		9251FA4525A68F92009A0C7C /* Resources */ = {
			isa = PBXResourcesBuildPhase;
			buildActionMask = 2147483647;
			files = (
			);
			runOnlyForDeploymentPostprocessing = 0;
		};
/* End PBXResourcesBuildPhase section */

/* Begin PBXSourcesBuildPhase section */
		9251FA2725A68F8E009A0C7C /* Sources */ = {
			isa = PBXSourcesBuildPhase;
			buildActionMask = 2147483647;
			files = (
				92AB72E325A94577000F268A /* HealthCareIconView.swift in Sources */,
				920C0CE425AFCCDE00BFDF06 /* DisplayBodyTemperature.swift in Sources */,
				92F8247925AEB40E00EA480F /* OverlayRectangleView.swift in Sources */,
				9251FA3125A68F8E009A0C7C /* ContentView.swift in Sources */,
				92D9257A25B27CAF00CF5635 /* ImagePickerView.swift in Sources */,
				9296AF8E25B50DB600784B7B /* Sample.swift in Sources */,
				92B31B2E25B10B3E0002B366 /* DisplayBodyTemperatureAndPicker.swift in Sources */,
				92B31B3425B10DF20002B366 /* HealthCareRegistrationButton.swift in Sources */,
				92D8607F25B146B9002763C4 /* HealthCareSuccessAnimation.swift in Sources */,
				92ED3AA225A70977008381B5 /* VisionHelper.swift in Sources */,
				92BE0F6D25AD9EF10039F606 /* URLSchemeHelper.swift in Sources */,
				92AB72EF25A94765000F268A /* Extensions.swift in Sources */,
				9251FA2F25A68F8E009A0C7C /* RecordTempApp.swift in Sources */,
				92D9257525B26A4600CF5635 /* DisplayStatusAnimation.swift in Sources */,
				92B31B4225B112700002B366 /* SuccessAnimation.swift in Sources */,
				92E45DAD25B3D52800DC4925 /* Struct&Enum.swift in Sources */,
				920C0CE925AFCE5100BFDF06 /* BodyTemperaturePicker.swift in Sources */,
				92D9257F25B27E9B00CF5635 /* ImageCaptureView.swift in Sources */,
				92B2A52825A9731200F1CE66 /* HealthHealper.swift in Sources */,
				92E45DB225B3D68C00DC4925 /* TutorialView.swift in Sources */,
				92BE0F7B25AE6F810039F606 /* VisionFormatter.swift in Sources */,
				9294827125B1408600713E4A /* FailureAnimation.swift in Sources */,
				92AB72D925A84E69000F268A /* ResultView.swift in Sources */,
			);
			runOnlyForDeploymentPostprocessing = 0;
		};
		9251FA3825A68F92009A0C7C /* Sources */ = {
			isa = PBXSourcesBuildPhase;
			buildActionMask = 2147483647;
			files = (
				9251FA4125A68F92009A0C7C /* RecordTempTests.swift in Sources */,
			);
			runOnlyForDeploymentPostprocessing = 0;
		};
		9251FA4325A68F92009A0C7C /* Sources */ = {
			isa = PBXSourcesBuildPhase;
			buildActionMask = 2147483647;
			files = (
				9251FA4C25A68F92009A0C7C /* RecordTempUITests.swift in Sources */,
			);
			runOnlyForDeploymentPostprocessing = 0;
		};
/* End PBXSourcesBuildPhase section */

/* Begin PBXTargetDependency section */
		9251FA3E25A68F92009A0C7C /* PBXTargetDependency */ = {
			isa = PBXTargetDependency;
			target = 9251FA2A25A68F8E009A0C7C /* RecordTemp */;
			targetProxy = 9251FA3D25A68F92009A0C7C /* PBXContainerItemProxy */;
		};
		9251FA4925A68F92009A0C7C /* PBXTargetDependency */ = {
			isa = PBXTargetDependency;
			target = 9251FA2A25A68F8E009A0C7C /* RecordTemp */;
			targetProxy = 9251FA4825A68F92009A0C7C /* PBXContainerItemProxy */;
		};
/* End PBXTargetDependency section */

/* Begin XCBuildConfiguration section */
		9251FA4E25A68F92009A0C7C /* Debug */ = {
			isa = XCBuildConfiguration;
			buildSettings = {
				ALWAYS_SEARCH_USER_PATHS = NO;
				CLANG_ANALYZER_NONNULL = YES;
				CLANG_ANALYZER_NUMBER_OBJECT_CONVERSION = YES_AGGRESSIVE;
				CLANG_CXX_LANGUAGE_STANDARD = "gnu++14";
				CLANG_CXX_LIBRARY = "libc++";
				CLANG_ENABLE_MODULES = YES;
				CLANG_ENABLE_OBJC_ARC = YES;
				CLANG_ENABLE_OBJC_WEAK = YES;
				CLANG_WARN_BLOCK_CAPTURE_AUTORELEASING = YES;
				CLANG_WARN_BOOL_CONVERSION = YES;
				CLANG_WARN_COMMA = YES;
				CLANG_WARN_CONSTANT_CONVERSION = YES;
				CLANG_WARN_DEPRECATED_OBJC_IMPLEMENTATIONS = YES;
				CLANG_WARN_DIRECT_OBJC_ISA_USAGE = YES_ERROR;
				CLANG_WARN_DOCUMENTATION_COMMENTS = YES;
				CLANG_WARN_EMPTY_BODY = YES;
				CLANG_WARN_ENUM_CONVERSION = YES;
				CLANG_WARN_INFINITE_RECURSION = YES;
				CLANG_WARN_INT_CONVERSION = YES;
				CLANG_WARN_NON_LITERAL_NULL_CONVERSION = YES;
				CLANG_WARN_OBJC_IMPLICIT_RETAIN_SELF = YES;
				CLANG_WARN_OBJC_LITERAL_CONVERSION = YES;
				CLANG_WARN_OBJC_ROOT_CLASS = YES_ERROR;
				CLANG_WARN_QUOTED_INCLUDE_IN_FRAMEWORK_HEADER = YES;
				CLANG_WARN_RANGE_LOOP_ANALYSIS = YES;
				CLANG_WARN_STRICT_PROTOTYPES = YES;
				CLANG_WARN_SUSPICIOUS_MOVE = YES;
				CLANG_WARN_UNGUARDED_AVAILABILITY = YES_AGGRESSIVE;
				CLANG_WARN_UNREACHABLE_CODE = YES;
				CLANG_WARN__DUPLICATE_METHOD_MATCH = YES;
				COPY_PHASE_STRIP = NO;
				DEBUG_INFORMATION_FORMAT = dwarf;
				ENABLE_STRICT_OBJC_MSGSEND = YES;
				ENABLE_TESTABILITY = YES;
				GCC_C_LANGUAGE_STANDARD = gnu11;
				GCC_DYNAMIC_NO_PIC = NO;
				GCC_NO_COMMON_BLOCKS = YES;
				GCC_OPTIMIZATION_LEVEL = 0;
				GCC_PREPROCESSOR_DEFINITIONS = (
					"DEBUG=1",
					"$(inherited)",
				);
				GCC_WARN_64_TO_32_BIT_CONVERSION = YES;
				GCC_WARN_ABOUT_RETURN_TYPE = YES_ERROR;
				GCC_WARN_UNDECLARED_SELECTOR = YES;
				GCC_WARN_UNINITIALIZED_AUTOS = YES_AGGRESSIVE;
				GCC_WARN_UNUSED_FUNCTION = YES;
				GCC_WARN_UNUSED_VARIABLE = YES;
				IPHONEOS_DEPLOYMENT_TARGET = 14.3;
				MTL_ENABLE_DEBUG_INFO = INCLUDE_SOURCE;
				MTL_FAST_MATH = YES;
				ONLY_ACTIVE_ARCH = YES;
				SDKROOT = iphoneos;
				SWIFT_ACTIVE_COMPILATION_CONDITIONS = DEBUG;
				SWIFT_OPTIMIZATION_LEVEL = "-Onone";
			};
			name = Debug;
		};
		9251FA4F25A68F92009A0C7C /* Release */ = {
			isa = XCBuildConfiguration;
			buildSettings = {
				ALWAYS_SEARCH_USER_PATHS = NO;
				CLANG_ANALYZER_NONNULL = YES;
				CLANG_ANALYZER_NUMBER_OBJECT_CONVERSION = YES_AGGRESSIVE;
				CLANG_CXX_LANGUAGE_STANDARD = "gnu++14";
				CLANG_CXX_LIBRARY = "libc++";
				CLANG_ENABLE_MODULES = YES;
				CLANG_ENABLE_OBJC_ARC = YES;
				CLANG_ENABLE_OBJC_WEAK = YES;
				CLANG_WARN_BLOCK_CAPTURE_AUTORELEASING = YES;
				CLANG_WARN_BOOL_CONVERSION = YES;
				CLANG_WARN_COMMA = YES;
				CLANG_WARN_CONSTANT_CONVERSION = YES;
				CLANG_WARN_DEPRECATED_OBJC_IMPLEMENTATIONS = YES;
				CLANG_WARN_DIRECT_OBJC_ISA_USAGE = YES_ERROR;
				CLANG_WARN_DOCUMENTATION_COMMENTS = YES;
				CLANG_WARN_EMPTY_BODY = YES;
				CLANG_WARN_ENUM_CONVERSION = YES;
				CLANG_WARN_INFINITE_RECURSION = YES;
				CLANG_WARN_INT_CONVERSION = YES;
				CLANG_WARN_NON_LITERAL_NULL_CONVERSION = YES;
				CLANG_WARN_OBJC_IMPLICIT_RETAIN_SELF = YES;
				CLANG_WARN_OBJC_LITERAL_CONVERSION = YES;
				CLANG_WARN_OBJC_ROOT_CLASS = YES_ERROR;
				CLANG_WARN_QUOTED_INCLUDE_IN_FRAMEWORK_HEADER = YES;
				CLANG_WARN_RANGE_LOOP_ANALYSIS = YES;
				CLANG_WARN_STRICT_PROTOTYPES = YES;
				CLANG_WARN_SUSPICIOUS_MOVE = YES;
				CLANG_WARN_UNGUARDED_AVAILABILITY = YES_AGGRESSIVE;
				CLANG_WARN_UNREACHABLE_CODE = YES;
				CLANG_WARN__DUPLICATE_METHOD_MATCH = YES;
				COPY_PHASE_STRIP = NO;
				DEBUG_INFORMATION_FORMAT = "dwarf-with-dsym";
				ENABLE_NS_ASSERTIONS = NO;
				ENABLE_STRICT_OBJC_MSGSEND = YES;
				GCC_C_LANGUAGE_STANDARD = gnu11;
				GCC_NO_COMMON_BLOCKS = YES;
				GCC_WARN_64_TO_32_BIT_CONVERSION = YES;
				GCC_WARN_ABOUT_RETURN_TYPE = YES_ERROR;
				GCC_WARN_UNDECLARED_SELECTOR = YES;
				GCC_WARN_UNINITIALIZED_AUTOS = YES_AGGRESSIVE;
				GCC_WARN_UNUSED_FUNCTION = YES;
				GCC_WARN_UNUSED_VARIABLE = YES;
				IPHONEOS_DEPLOYMENT_TARGET = 14.3;
				MTL_ENABLE_DEBUG_INFO = NO;
				MTL_FAST_MATH = YES;
				SDKROOT = iphoneos;
				SWIFT_COMPILATION_MODE = wholemodule;
				SWIFT_OPTIMIZATION_LEVEL = "-O";
				VALIDATE_PRODUCT = YES;
			};
			name = Release;
		};
		9251FA5125A68F92009A0C7C /* Debug */ = {
			isa = XCBuildConfiguration;
			buildSettings = {
				ASSETCATALOG_COMPILER_APPICON_NAME = AppIcon;
				ASSETCATALOG_COMPILER_GLOBAL_ACCENT_COLOR_NAME = AccentColor;
				CODE_SIGN_ENTITLEMENTS = RecordTemp/RecordTemp.entitlements;
				CODE_SIGN_STYLE = Automatic;
				DEVELOPMENT_ASSET_PATHS = "\"RecordTemp/Preview Content\"";
				DEVELOPMENT_TEAM = 4L3H8AS5LU;
				ENABLE_PREVIEWS = YES;
				INFOPLIST_FILE = RecordTemp/Info.plist;
				IPHONEOS_DEPLOYMENT_TARGET = 14.0;
				LD_RUNPATH_SEARCH_PATHS = (
					"$(inherited)",
					"@executable_path/Frameworks",
				);
				PRODUCT_BUNDLE_IDENTIFIER = com.kamimura.RecordTemp;
				PRODUCT_NAME = "$(TARGET_NAME)";
				SWIFT_VERSION = 5.0;
				TARGETED_DEVICE_FAMILY = 1;
			};
			name = Debug;
		};
		9251FA5225A68F92009A0C7C /* Release */ = {
			isa = XCBuildConfiguration;
			buildSettings = {
				ASSETCATALOG_COMPILER_APPICON_NAME = AppIcon;
				ASSETCATALOG_COMPILER_GLOBAL_ACCENT_COLOR_NAME = AccentColor;
				CODE_SIGN_ENTITLEMENTS = RecordTemp/RecordTemp.entitlements;
				CODE_SIGN_STYLE = Automatic;
				DEVELOPMENT_ASSET_PATHS = "\"RecordTemp/Preview Content\"";
				DEVELOPMENT_TEAM = 4L3H8AS5LU;
				ENABLE_PREVIEWS = YES;
				INFOPLIST_FILE = RecordTemp/Info.plist;
				IPHONEOS_DEPLOYMENT_TARGET = 14.0;
				LD_RUNPATH_SEARCH_PATHS = (
					"$(inherited)",
					"@executable_path/Frameworks",
				);
				PRODUCT_BUNDLE_IDENTIFIER = com.kamimura.RecordTemp;
				PRODUCT_NAME = "$(TARGET_NAME)";
				SWIFT_VERSION = 5.0;
				TARGETED_DEVICE_FAMILY = 1;
			};
			name = Release;
		};
		9251FA5425A68F92009A0C7C /* Debug */ = {
			isa = XCBuildConfiguration;
			buildSettings = {
				ALWAYS_EMBED_SWIFT_STANDARD_LIBRARIES = YES;
				BUNDLE_LOADER = "$(TEST_HOST)";
				CODE_SIGN_STYLE = Automatic;
				DEVELOPMENT_TEAM = 4L3H8AS5LU;
				INFOPLIST_FILE = RecordTempTests/Info.plist;
				IPHONEOS_DEPLOYMENT_TARGET = 14.0;
				LD_RUNPATH_SEARCH_PATHS = (
					"$(inherited)",
					"@executable_path/Frameworks",
					"@loader_path/Frameworks",
				);
				PRODUCT_BUNDLE_IDENTIFIER = com.kamimura.RecordTempTests;
				PRODUCT_NAME = "$(TARGET_NAME)";
				SWIFT_VERSION = 5.0;
				TARGETED_DEVICE_FAMILY = "1,2";
				TEST_HOST = "$(BUILT_PRODUCTS_DIR)/RecordTemp.app/RecordTemp";
			};
			name = Debug;
		};
		9251FA5525A68F92009A0C7C /* Release */ = {
			isa = XCBuildConfiguration;
			buildSettings = {
				ALWAYS_EMBED_SWIFT_STANDARD_LIBRARIES = YES;
				BUNDLE_LOADER = "$(TEST_HOST)";
				CODE_SIGN_STYLE = Automatic;
				DEVELOPMENT_TEAM = 4L3H8AS5LU;
				INFOPLIST_FILE = RecordTempTests/Info.plist;
				IPHONEOS_DEPLOYMENT_TARGET = 14.0;
				LD_RUNPATH_SEARCH_PATHS = (
					"$(inherited)",
					"@executable_path/Frameworks",
					"@loader_path/Frameworks",
				);
				PRODUCT_BUNDLE_IDENTIFIER = com.kamimura.RecordTempTests;
				PRODUCT_NAME = "$(TARGET_NAME)";
				SWIFT_VERSION = 5.0;
				TARGETED_DEVICE_FAMILY = "1,2";
				TEST_HOST = "$(BUILT_PRODUCTS_DIR)/RecordTemp.app/RecordTemp";
			};
			name = Release;
		};
		9251FA5725A68F92009A0C7C /* Debug */ = {
			isa = XCBuildConfiguration;
			buildSettings = {
				ALWAYS_EMBED_SWIFT_STANDARD_LIBRARIES = YES;
				CODE_SIGN_STYLE = Automatic;
				DEVELOPMENT_TEAM = 4L3H8AS5LU;
				INFOPLIST_FILE = RecordTempUITests/Info.plist;
				LD_RUNPATH_SEARCH_PATHS = (
					"$(inherited)",
					"@executable_path/Frameworks",
					"@loader_path/Frameworks",
				);
				PRODUCT_BUNDLE_IDENTIFIER = com.kamimura.RecordTempUITests;
				PRODUCT_NAME = "$(TARGET_NAME)";
				SWIFT_VERSION = 5.0;
				TARGETED_DEVICE_FAMILY = "1,2";
				TEST_TARGET_NAME = RecordTemp;
			};
			name = Debug;
		};
		9251FA5825A68F92009A0C7C /* Release */ = {
			isa = XCBuildConfiguration;
			buildSettings = {
				ALWAYS_EMBED_SWIFT_STANDARD_LIBRARIES = YES;
				CODE_SIGN_STYLE = Automatic;
				DEVELOPMENT_TEAM = 4L3H8AS5LU;
				INFOPLIST_FILE = RecordTempUITests/Info.plist;
				LD_RUNPATH_SEARCH_PATHS = (
					"$(inherited)",
					"@executable_path/Frameworks",
					"@loader_path/Frameworks",
				);
				PRODUCT_BUNDLE_IDENTIFIER = com.kamimura.RecordTempUITests;
				PRODUCT_NAME = "$(TARGET_NAME)";
				SWIFT_VERSION = 5.0;
				TARGETED_DEVICE_FAMILY = "1,2";
				TEST_TARGET_NAME = RecordTemp;
			};
			name = Release;
		};
/* End XCBuildConfiguration section */

/* Begin XCConfigurationList section */
		9251FA2625A68F8E009A0C7C /* Build configuration list for PBXProject "RecordTemp" */ = {
			isa = XCConfigurationList;
			buildConfigurations = (
				9251FA4E25A68F92009A0C7C /* Debug */,
				9251FA4F25A68F92009A0C7C /* Release */,
			);
			defaultConfigurationIsVisible = 0;
			defaultConfigurationName = Release;
		};
		9251FA5025A68F92009A0C7C /* Build configuration list for PBXNativeTarget "RecordTemp" */ = {
			isa = XCConfigurationList;
			buildConfigurations = (
				9251FA5125A68F92009A0C7C /* Debug */,
				9251FA5225A68F92009A0C7C /* Release */,
			);
			defaultConfigurationIsVisible = 0;
			defaultConfigurationName = Release;
		};
		9251FA5325A68F92009A0C7C /* Build configuration list for PBXNativeTarget "RecordTempTests" */ = {
			isa = XCConfigurationList;
			buildConfigurations = (
				9251FA5425A68F92009A0C7C /* Debug */,
				9251FA5525A68F92009A0C7C /* Release */,
			);
			defaultConfigurationIsVisible = 0;
			defaultConfigurationName = Release;
		};
		9251FA5625A68F92009A0C7C /* Build configuration list for PBXNativeTarget "RecordTempUITests" */ = {
			isa = XCConfigurationList;
			buildConfigurations = (
				9251FA5725A68F92009A0C7C /* Debug */,
				9251FA5825A68F92009A0C7C /* Release */,
			);
			defaultConfigurationIsVisible = 0;
			defaultConfigurationName = Release;
		};
/* End XCConfigurationList section */
	};
	rootObject = 9251FA2325A68F8E009A0C7C /* Project object */;
}
